<?xml version="1.0" encoding="utf-8"?>
<Project ToolsVersion="4.0" xmlns="http://schemas.microsoft.com/developer/msbuild/2003">
  <ItemGroup>
    <ClCompile Include="main.cpp" />
    <ClCompile Include="Externals\imgui\crude_json.cpp" />
    <ClCompile Include="Externals\imgui\imgui.cpp" />
    <ClCompile Include="Externals\imgui\imgui_canvas.cpp" />
    <ClCompile Include="Externals\imgui\imgui_demo.cpp" />
    <ClCompile Include="Externals\imgui\imgui_draw.cpp" />
    <ClCompile Include="Externals\imgui\imgui_impl_dx12.cpp" />
    <ClCompile Include="Externals\imgui\imgui_impl_win32.cpp" />
    <ClCompile Include="Externals\imgui\imgui_node_editor.cpp" />
    <ClCompile Include="Externals\imgui\imgui_node_editor_api.cpp" />
    <ClCompile Include="Externals\imgui\imgui_tables.cpp" />
    <ClCompile Include="Externals\imgui\imgui_widgets.cpp" />
    <ClCompile Include="Externals\imgui\ImGuizmo.cpp" />
    <ClCompile Include="EngineSource\2D\ImGuiManager.cpp" />
    <ClCompile Include="EngineSource\2D\Sprite.cpp" />
    <ClCompile Include="EngineSource\2D\SpriteRenderer.cpp" />
    <ClCompile Include="EngineSource\3D\Camera\Camera.cpp" />
    <ClCompile Include="EngineSource\3D\Camera\DebugCamera.cpp" />
    <ClCompile Include="EngineSource\3D\Light\DirectionalLight.cpp" />
    <ClCompile Include="EngineSource\3D\Light\LightManager.cpp" />
    <ClCompile Include="EngineSource\3D\Light\PointLight.cpp" />
    <ClCompile Include="EngineSource\3D\Light\SpotLight.cpp" />
    <ClCompile Include="EngineSource\3D\Animation\AnimationManager.cpp" />
    <ClCompile Include="EngineSource\3D\Animation\Animator.cpp" />
    <ClCompile Include="EngineSource\3D\Renderer\DebugRenderer.cpp" />
    <ClCompile Include="EngineSource\3D\Material\Material.cpp" />
    <ClCompile Include="EngineSource\3D\Model\Mesh.cpp" />
    <ClCompile Include="EngineSource\3D\Model\Model.cpp" />
    <ClCompile Include="EngineSource\3D\Model\ModelManager.cpp" />
    <ClCompile Include="EngineSource\3D\Renderer\ModelRenderer.cpp" />
    <ClCompile Include="EngineSource\3D\Transform\WorldTransform.cpp" />
    <ClCompile Include="EngineSource\3D\Transform\WorldTransforms.cpp" />
    <ClCompile Include="EngineSource\3D\Model\ParticleSystem\ParticleBehavior.cpp" />
    <ClCompile Include="EngineSource\Audio\AudioManager.cpp" />
    <ClCompile Include="EngineSource\Collision\CollisionManager.cpp" />
    <ClCompile Include="EngineSource\Collision\CollisionUtils.cpp" />
    <ClCompile Include="EngineSource\Common\LogManager.cpp" />
    <ClCompile Include="EngineSource\Core\DXC.cpp" />
    <ClCompile Include="EngineSource\Core\FPSCounter.cpp" />
    <ClCompile Include="EngineSource\Core\GameEngine.cpp" />
    <ClCompile Include="EngineSource\Core\RandomGenerator.cpp" />
    <ClCompile Include="EngineSource\Core\TextureManager.cpp" />
    <ClCompile Include="EngineSource\Core\WindowsApp.cpp" />
    <ClCompile Include="EngineSource\Editor\EditorCore.cpp" />
    <ClCompile Include="EngineSource\Editor\GameParamEditor.cpp" />
    <ClCompile Include="EngineSource\Editor\ParamEditorManager.cpp" />
    <ClCompile Include="EngineSource\Editor\Windows\AssetWindow.cpp" />
    <ClCompile Include="EngineSource\Editor\Windows\ConsoleWindow.cpp" />
    <ClCompile Include="EngineSource\Editor\Windows\HierarchyWindow.cpp" />
    <ClCompile Include="EngineSource\Editor\Windows\InspectorWindow.cpp" />
    <ClCompile Include="EngineSource\Editor\Windows\PerformanceWindow.cpp" />
    <ClCompile Include="EngineSource\Editor\Windows\SceneWIndow.cpp" />
    <ClCompile Include="EngineSource\Editor\EditorMenu\EditorLayout.cpp" />
    <ClCompile Include="EngineSource\Editor\EditorMenu\EditorMenuBar.cpp" />
    <ClCompile Include="EngineSource\Editor\EditorMenu\EditorToolBar.cpp" />
    <ClCompile Include="EngineSource\Editor\EditorMenu\EditorWindowManager.cpp" />
    <ClCompile Include="EngineSource\Editor\EditorMenu\SceneMenuBar.cpp" />
    <ClCompile Include="EngineSource\Graphics\FrameRateController.cpp" />
    <ClCompile Include="EngineSource\Graphics\GraphicsDevice.cpp" />
    <ClCompile Include="EngineSource\Graphics\RenderPipeline.cpp" />
    <ClCompile Include="EngineSource\Graphics\RenderPass\RenderPass.cpp" />
    <ClCompile Include="EngineSource\Graphics\RenderPass\RenderPassController.cpp" />
    <ClCompile Include="EngineSource\Graphics\PSO\PostProcess\BloomPSO.cpp" />
    <ClCompile Include="EngineSource\Graphics\PSO\PostProcess\CopyPSO.cpp" />
    <ClCompile Include="EngineSource\Graphics\PSO\PostProcess\OutLinePSO.cpp" />
    <ClCompile Include="EngineSource\Graphics\PSO\Core\BlendBuilder.cpp" />
    <ClCompile Include="EngineSource\Graphics\PSO\Core\InputLayoutBuilder.cpp" />
    <ClCompile Include="EngineSource\Graphics\PSO\Core\PSOManager.cpp" />
    <ClCompile Include="EngineSource\Graphics\PSO\Core\RasterizerBuilder.cpp" />
    <ClCompile Include="EngineSource\Graphics\PSO\Core\RootSignatureBuilder.cpp" />
    <ClCompile Include="EngineSource\Graphics\PSO\Core\ShaderCompiler.cpp" />
    <ClCompile Include="EngineSource\Graphics\PostProcess\PostEffectManager.cpp" />
    <ClCompile Include="EngineSource\Graphics\DirectX\DXCommand.cpp" />
    <ClCompile Include="EngineSource\Graphics\DirectX\DXDebugger.cpp" />
    <ClCompile Include="EngineSource\Graphics\DirectX\DXDepthStencil.cpp" />
    <ClCompile Include="EngineSource\Graphics\DirectX\DXDevice.cpp" />
    <ClCompile Include="EngineSource\Graphics\DirectX\DXFence.cpp" />
    <ClCompile Include="EngineSource\Graphics\DirectX\DXRenderTarget.cpp" />
    <ClCompile Include="EngineSource\Graphics\DirectX\DXSwapChain.cpp" />
    <ClCompile Include="EngineSource\Graphics\DirectX\DXViewportState.cpp" />
    <ClCompile Include="EngineSource\Graphics\DirectX\Memory\DsvManager.cpp" />
    <ClCompile Include="EngineSource\Graphics\DirectX\Memory\RenderTexture.cpp" />
    <ClCompile Include="EngineSource\Graphics\DirectX\Memory\RenderTextureManager.cpp" />
    <ClCompile Include="EngineSource\Graphics\DirectX\Memory\RtvManager.cpp" />
    <ClCompile Include="EngineSource\Graphics\DirectX\Memory\SrvManager.cpp" />
    <ClCompile Include="EngineSource\Graphics\ComputePSO\ParticleCSPSO.cpp" />
    <ClCompile Include="EngineSource\Input\InPut.cpp" />
    <ClCompile Include="EngineSource\Input\InputCommand.cpp" />
    <ClCompile Include="EngineSource\Math\EasingManager.cpp" />
    <ClCompile Include="EngineSource\Math\MyMath.cpp" />
    <ClCompile Include="EngineSource\Scene\SceneManager.cpp" />
    <ClCompile Include="EngineSource\Scene\SceneTransition.cpp" />
    <ClCompile Include="Application\Camera\CameraController.cpp" />
    <ClCompile Include="Application\Light\SceneLightingController.cpp" />
    <ClCompile Include="Application\Player\Player.cpp" />
    <ClCompile Include="Application\Scene\GameScene.cpp" />
    <ClCompile Include="Application\Scene\TitleScene.cpp" />
    <ClCompile Include="Application\Scene\Transition\Fade.cpp" />
    <ClCompile Include="Application\ColorEditor.cpp" />
    <ClCompile Include="EngineSource\3D\Model\ModelLoader.cpp" />
    <ClCompile Include="EngineSource\Core\GameObjectManager.cpp" />
    <ClCompile Include="EngineSource\Collision\Collider.cpp" />
    <ClCompile Include="EngineSource\Graphics\GpuResource.cpp" />
  </ItemGroup>
  <ItemGroup>
    <ClInclude Include="Externals\imgui\crude_json.h" />
    <ClInclude Include="Externals\imgui\imconfig.h" />
    <ClInclude Include="Externals\imgui\imgui.h" />
    <ClInclude Include="Externals\imgui\imgui_bezier_math.h" />
    <ClInclude Include="Externals\imgui\imgui_canvas.h" />
    <ClInclude Include="Externals\imgui\imgui_extra_math.h" />
    <ClInclude Include="Externals\imgui\imgui_impl_dx12.h" />
    <ClInclude Include="Externals\imgui\imgui_impl_win32.h" />
    <ClInclude Include="Externals\imgui\imgui_internal.h" />
    <ClInclude Include="Externals\imgui\imgui_node_editor.h" />
    <ClInclude Include="Externals\imgui\imgui_node_editor_internal.h" />
    <ClInclude Include="Externals\imgui\ImGuizmo.h" />
    <ClInclude Include="Externals\imgui\imstb_rectpack.h" />
    <ClInclude Include="Externals\imgui\imstb_textedit.h" />
    <ClInclude Include="Externals\imgui\imstb_truetype.h" />
    <ClInclude Include="EngineSource\2D\ImGuiManager.h" />
    <ClInclude Include="EngineSource\2D\Sprite.h" />
    <ClInclude Include="EngineSource\2D\SpriteRenderer.h" />
    <ClInclude Include="EngineSource\3D\Camera\Camera.h" />
    <ClInclude Include="EngineSource\3D\Camera\DebugCamera.h" />
    <ClInclude Include="EngineSource\3D\Light\DirectionalLight.h" />
    <ClInclude Include="EngineSource\3D\Light\LightManager.h" />
    <ClInclude Include="EngineSource\3D\Light\PointLight.h" />
    <ClInclude Include="EngineSource\3D\Light\SpotLight.h" />
    <ClInclude Include="EngineSource\3D\Animation\AnimationData.h" />
    <ClInclude Include="EngineSource\3D\Animation\AnimationManager.h" />
    <ClInclude Include="EngineSource\3D\Animation\Animator.h" />
    <ClInclude Include="EngineSource\3D\Renderer\DebugRenderer.h" />
    <ClInclude Include="EngineSource\3D\Material\Material.h" />
    <ClInclude Include="EngineSource\3D\Model\Mesh.h" />
    <ClInclude Include="EngineSource\3D\Model\Model.h" />
    <ClInclude Include="EngineSource\3D\Model\ModelManager.h" />
    <ClInclude Include="EngineSource\3D\Renderer\ModelRenderer.h" />
    <ClInclude Include="EngineSource\3D\Model\VertexData.h" />
    <ClInclude Include="EngineSource\3D\Transform\WorldTransform.h" />
    <ClInclude Include="EngineSource\3D\Transform\WorldTransforms.h" />
    <ClInclude Include="EngineSource\3D\Model\ParticleSystem\ParticleBehavior.h" />
    <ClInclude Include="EngineSource\3D\Model\ParticleSystem\ParticleData.h" />
    <ClInclude Include="EngineSource\Audio\AudioManager.h" />
    <ClInclude Include="EngineSource\Collision\Collider.h" />
    <ClInclude Include="EngineSource\Collision\CollisionConfig.h" />
    <ClInclude Include="EngineSource\Collision\CollisionManager.h" />
    <ClInclude Include="EngineSource\Collision\CollisionResult.h" />
    <ClInclude Include="EngineSource\Collision\CollisionUtils.h" />
    <ClInclude Include="EngineSource\Collision\CollisionVisitor.h" />
    <ClInclude Include="EngineSource\Collision\UserData.h" />
    <ClInclude Include="EngineSource\Common\ConvertString.h" />
    <ClInclude Include="EngineSource\Common\CrashHandle.h" />
    <ClInclude Include="EngineSource\Common\CreateBufferResource.h" />
    <ClInclude Include="EngineSource\Common\DepthStencilTexture.h" />
    <ClInclude Include="EngineSource\Common\DescriptorHandle.h" />
    <ClInclude Include="EngineSource\Common\DescriptorHeap.h" />
    <ClInclude Include="EngineSource\Common\LogManager.h" />
    <ClInclude Include="EngineSource\Common\ResourceLeakChecker.h" />
    <ClInclude Include="EngineSource\Core\DXC.h" />
    <ClInclude Include="EngineSource\Core\FPSCounter.h" />
    <ClInclude Include="EngineSource\Core\GameEngine.h" />
    <ClInclude Include="EngineSource\Core\RandomGenerator.h" />
    <ClInclude Include="EngineSource\Core\TextureManager.h" />
    <ClInclude Include="EngineSource\Core\WindowsApp.h" />
    <ClInclude Include="EngineSource\Editor\EditorCore.h" />
    <ClInclude Include="EngineSource\Editor\GameParamEditor.h" />
    <ClInclude Include="EngineSource\Editor\ParamEditorManager.h" />
    <ClInclude Include="EngineSource\Editor\Windows\AssetWindow.h" />
    <ClInclude Include="EngineSource\Editor\Windows\ConsoleWindow.h" />
    <ClInclude Include="EngineSource\Editor\Windows\HierarchyWindow.h" />
    <ClInclude Include="EngineSource\Editor\Windows\IEditorWindow.h" />
    <ClInclude Include="EngineSource\Editor\Windows\InspectorWindow.h" />
    <ClInclude Include="EngineSource\Editor\Windows\PerformanceWindow.h" />
    <ClInclude Include="EngineSource\Editor\Windows\SceneWIndow.h" />
    <ClInclude Include="EngineSource\Editor\EditorMenu\EditorLayout.h" />
    <ClInclude Include="EngineSource\Editor\EditorMenu\EditorMenuBar.h" />
    <ClInclude Include="EngineSource\Editor\EditorMenu\EditorToolBar.h" />
    <ClInclude Include="EngineSource\Editor\EditorMenu\EditorWindowManager.h" />
    <ClInclude Include="EngineSource\Editor\EditorMenu\SceneMenuBar.h" />
    <ClInclude Include="EngineSource\Graphics\DescriptorCounts.h" />
    <ClInclude Include="EngineSource\Graphics\FrameRateController.h" />
    <ClInclude Include="EngineSource\Graphics\GraphicsDevice.h" />
    <ClInclude Include="EngineSource\Graphics\RenderPipeline.h" />
    <ClInclude Include="EngineSource\Graphics\RenderPass\RenderPass.h" />
    <ClInclude Include="EngineSource\Graphics\RenderPass\RenderPassController.h" />
    <ClInclude Include="EngineSource\Graphics\PSO\PostProcess\BloomPSO.h" />
    <ClInclude Include="EngineSource\Graphics\PSO\PostProcess\CopyPSO.h" />
    <ClInclude Include="EngineSource\Graphics\PSO\PostProcess\IPostEffect.h" />
    <ClInclude Include="EngineSource\Graphics\PSO\PostProcess\OutLinePSO.h" />
    <ClInclude Include="EngineSource\Graphics\PSO\Core\BlendBuilder.h" />
    <ClInclude Include="EngineSource\Graphics\PSO\Core\BlendMode.h" />
    <ClInclude Include="EngineSource\Graphics\PSO\Core\DrawPSOData.h" />
    <ClInclude Include="EngineSource\Graphics\PSO\Core\InputLayoutBuilder.h" />
    <ClInclude Include="EngineSource\Graphics\PSO\Core\PSOManager.h" />
    <ClInclude Include="EngineSource\Graphics\PSO\Core\RasterizerBuilder.h" />
    <ClInclude Include="EngineSource\Graphics\PSO\Core\RootSignatureBuilder.h" />
    <ClInclude Include="EngineSource\Graphics\PSO\Core\ShaderCompiler.h" />
    <ClInclude Include="EngineSource\Graphics\PostProcess\BasePostEffect.h" />
    <ClInclude Include="EngineSource\Graphics\PostProcess\ParameterResource.h" />
    <ClInclude Include="EngineSource\Graphics\PostProcess\PostEffectData.h" />
    <ClInclude Include="EngineSource\Graphics\PostProcess\PostEffectManager.h" />
    <ClInclude Include="EngineSource\Graphics\DirectX\DXCommand.h" />
    <ClInclude Include="EngineSource\Graphics\DirectX\DXDebugger.h" />
    <ClInclude Include="EngineSource\Graphics\DirectX\DXDepthStencil.h" />
    <ClInclude Include="EngineSource\Graphics\DirectX\DXDevice.h" />
    <ClInclude Include="EngineSource\Graphics\DirectX\DXFence.h" />
    <ClInclude Include="EngineSource\Graphics\DirectX\DXRenderTarget.h" />
    <ClInclude Include="EngineSource\Graphics\DirectX\DXSwapChain.h" />
    <ClInclude Include="EngineSource\Graphics\DirectX\DXViewportState.h" />
    <ClInclude Include="EngineSource\Graphics\DirectX\Memory\DsvManager.h" />
    <ClInclude Include="EngineSource\Graphics\DirectX\Memory\RenderTexture.h" />
    <ClInclude Include="EngineSource\Graphics\DirectX\Memory\RenderTextureManager.h" />
    <ClInclude Include="EngineSource\Graphics\DirectX\Memory\RtvManager.h" />
    <ClInclude Include="EngineSource\Graphics\DirectX\Memory\SrvManager.h" />
    <ClInclude Include="EngineSource\Graphics\ComputePSO\ParticleCSPSO.h" />
    <ClInclude Include="EngineSource\Input\InPut.h" />
    <ClInclude Include="EngineSource\Input\InputCommand.h" />
    <ClInclude Include="EngineSource\Math\EasingManager.h" />
    <ClInclude Include="EngineSource\Math\Geometry.h" />
    <ClInclude Include="EngineSource\Math\Matrix4x4.h" />
    <ClInclude Include="EngineSource\Math\MyMath.h" />
    <ClInclude Include="EngineSource\Math\Quaternion.h" />
    <ClInclude Include="EngineSource\Math\Range.h" />
    <ClInclude Include="EngineSource\Math\Transform.h" />
    <ClInclude Include="EngineSource\Math\TransformationMatrix.h" />
    <ClInclude Include="EngineSource\Math\Vector2.h" />
    <ClInclude Include="EngineSource\Math\Vector3.h" />
    <ClInclude Include="EngineSource\Math\Vector4.h" />
    <ClInclude Include="EngineSource\Scene\BaseScene.h" />
    <ClInclude Include="EngineSource\Scene\ITransitionEffect.h" />
    <ClInclude Include="EngineSource\Scene\SceneChangeRequest.h" />
    <ClInclude Include="EngineSource\Scene\SceneContext.h" />
    <ClInclude Include="EngineSource\Scene\SceneManager.h" />
    <ClInclude Include="EngineSource\Scene\SceneRegistry.h" />
    <ClInclude Include="EngineSource\Scene\SceneTransition.h" />
    <ClInclude Include="Application\Camera\CameraController.h" />
    <ClInclude Include="Application\Light\SceneLightingController.h" />
    <ClInclude Include="Application\Player\Player.h" />
    <ClInclude Include="Application\Scene\GameScene.h" />
    <ClInclude Include="Application\Scene\TitleScene.h" />
    <ClInclude Include="Application\Scene\Transition\Fade.h" />
    <ClInclude Include="Application\Scene\Register\SetUpScenes.h" />
    <ClInclude Include="Application\ColorEditor.h" />
    <ClInclude Include="EngineSource\Graphics\GpuResource.h" />
    <ClInclude Include="EngineSource\Graphics\VertexBuffer.h" />
    <ClInclude Include="EngineSource\Graphics\IndexBuffer.h" />
    <ClInclude Include="EngineSource\3D\Model\ModelLoader.h" />
    <ClInclude Include="EngineSource\Core\IGameObject.h" />
    <ClInclude Include="EngineSource\Core\GameObjectManager.h" />
    <ClInclude Include="EngineSource\Collision\ColliderInfo.h" />
    <ClInclude Include="EngineSource\Graphics\ConstantBuffer.h" />
    <ClInclude Include="EngineSource\Graphics\StructuredBuffer.h" />
  </ItemGroup>
  <ItemGroup>
    <None Include="Externals\imgui\imgui_bezier_math.inl" />
    <None Include="Externals\imgui\imgui_extra_math.inl" />
    <None Include="Externals\imgui\imgui_node_editor_internal.inl" />
  </ItemGroup>
  <ItemGroup>
    <Text Include="Externals\imgui\LICENSE.txt" />
  </ItemGroup>
  <ItemGroup>
    <Font Include="Externals\imgui\ProggyClean.ttf" />
  </ItemGroup>
</Project>